// !$*UTF8*$!
{
	archiveVersion = 1;
	classes = {
	};
	objectVersion = 51;
	objects = {

/* Begin PBXBuildFile section */
		110DF064245B1BD000E78245 /* NutritionAnalysisView.swift in Sources */ = {isa = PBXBuildFile; fileRef = 110DF063245B1BCF00E78245 /* NutritionAnalysisView.swift */; };
		110DF067245B1C3300E78245 /* MacronutrientSummaryTextView.swift in Sources */ = {isa = PBXBuildFile; fileRef = 110DF066245B1C3300E78245 /* MacronutrientSummaryTextView.swift */; };
		11418C88244D4336001F8E27 /* LabelScannerOverlayHeaderView.swift in Sources */ = {isa = PBXBuildFile; fileRef = 11418C87244D4336001F8E27 /* LabelScannerOverlayHeaderView.swift */; };
		11418C8A244D43FD001F8E27 /* LabelScannerOverlayFooterView.swift in Sources */ = {isa = PBXBuildFile; fileRef = 11418C89244D43FD001F8E27 /* LabelScannerOverlayFooterView.swift */; };
		119F8AC9244A7D3C00BB173A /* AppDelegate.swift in Sources */ = {isa = PBXBuildFile; fileRef = 119F8AC8244A7D3C00BB173A /* AppDelegate.swift */; };
		119F8ACB244A7D3C00BB173A /* SceneDelegate.swift in Sources */ = {isa = PBXBuildFile; fileRef = 119F8ACA244A7D3C00BB173A /* SceneDelegate.swift */; };
		119F8ACF244A7D4300BB173A /* Assets.xcassets in Resources */ = {isa = PBXBuildFile; fileRef = 119F8ACE244A7D4300BB173A /* Assets.xcassets */; };
		119F8AD2244A7D4300BB173A /* Preview Assets.xcassets in Resources */ = {isa = PBXBuildFile; fileRef = 119F8AD1244A7D4300BB173A /* Preview Assets.xcassets */; };
		119F8AD5244A7D4300BB173A /* LaunchScreen.storyboard in Resources */ = {isa = PBXBuildFile; fileRef = 119F8AD3244A7D4300BB173A /* LaunchScreen.storyboard */; };
		9C744549554540C8032BFD13 /* Pods_LabelWise.framework in Frameworks */ = {isa = PBXBuildFile; fileRef = FBB96129287D3E7C9C1E8B9C /* Pods_LabelWise.framework */; };
		9E04B02AC89E419B26B7CEC0 /* LabelAnalysisService.swift in Sources */ = {isa = PBXBuildFile; fileRef = 9E04B36285890D7DEA0D4652 /* LabelAnalysisService.swift */; };
		9E04B0D78F9E76CC6959A2E8 /* CommonViewModels.swift in Sources */ = {isa = PBXBuildFile; fileRef = 9E04BA2103C1A69F655989A5 /* CommonViewModels.swift */; };
		9E04B142786F16FB6E2E3BBF /* TypeAliases.swift in Sources */ = {isa = PBXBuildFile; fileRef = 9E04BC8096C70C13098A91F5 /* TypeAliases.swift */; };
		9E04B4A49EF79D0172103A09 /* MacronutrientRings.swift in Sources */ = {isa = PBXBuildFile; fileRef = 9E04BA76BDF053BBA9738EFF /* MacronutrientRings.swift */; };
		9E04B4B7AFC55A84E1F3654A /* CameraUtil.swift in Sources */ = {isa = PBXBuildFile; fileRef = 9E04B8A4CAFCF4080DA6BD0E /* CameraUtil.swift */; };
		9E04B544B94680E6D0270437 /* Common.swift in Sources */ = {isa = PBXBuildFile; fileRef = 9E04BD167436B52702375ABC /* Common.swift */; };
		9E04B5454634C3A52D00058A /* LabelScannerOverlayView.swift in Sources */ = {isa = PBXBuildFile; fileRef = 9E04B27BF5D2A9200CBC7D1D /* LabelScannerOverlayView.swift */; };
		9E04B748F4DBF3CBB2ABAD4A /* LabelScannerViewModel.swift in Sources */ = {isa = PBXBuildFile; fileRef = 9E04BA7C75C3AF19E69A510A /* LabelScannerViewModel.swift */; };
		9E04B7505FD17516F7996F3A /* Dimensions.swift in Sources */ = {isa = PBXBuildFile; fileRef = 9E04B87D15FDBB8C359F6235 /* Dimensions.swift */; };
		9E04B7F294A2ECE09AB0BDA2 /* LabelScannerActionButtons.swift in Sources */ = {isa = PBXBuildFile; fileRef = 9E04BAC86FBCB14C754D2ADC /* LabelScannerActionButtons.swift */; };
		9E04B80AEEFA615037AFD2D8 /* LabelTypePickerView.swift in Sources */ = {isa = PBXBuildFile; fileRef = 9E04B067C1A5FE22B3F9F164 /* LabelTypePickerView.swift */; };
		9E04B8699075720B0B4A2692 /* CameraView.swift in Sources */ = {isa = PBXBuildFile; fileRef = 9E04B5990AFB8E3D0DF17188 /* CameraView.swift */; };
		9E04B90C5EA0DF367FE35AFD /* LabelScannerView.swift in Sources */ = {isa = PBXBuildFile; fileRef = 9E04BAC96CFB27478E9AFA42 /* LabelScannerView.swift */; };
		9E04BA24D04B3AA88269BC74 /* CameraController.swift in Sources */ = {isa = PBXBuildFile; fileRef = 9E04B5CD47A28F0852F6DEFF /* CameraController.swift */; };
		9E04BB051D7E409EC334FD8B /* Icons.swift in Sources */ = {isa = PBXBuildFile; fileRef = 9E04B8E9B103A32459D4568C /* Icons.swift */; };
		9E04BB17B3BDE8728BAF761B /* ContentView.swift in Sources */ = {isa = PBXBuildFile; fileRef = 9E04B5D30937AB3EE9506EEE /* ContentView.swift */; };
		9E04BB4DF42A74CE86CA5373 /* RingShape.swift in Sources */ = {isa = PBXBuildFile; fileRef = 9E04BEBF75A400DE7744C7C4 /* RingShape.swift */; };
		9E04BBD795334AC0BBB0C4A5 /* Combine.swift in Sources */ = {isa = PBXBuildFile; fileRef = 9E04B871BED1E591F3F08FFA /* Combine.swift */; };
		9E04BBF618B4CB82E3D5485A /* NutritionDTO.swift in Sources */ = {isa = PBXBuildFile; fileRef = 9E04B03637D80DC9D780A544 /* NutritionDTO.swift */; };
		9E04BCAB5E4B867BF3960782 /* SwiftUI.swift in Sources */ = {isa = PBXBuildFile; fileRef = 9E04BAA4FD1CB39D6A2F2084 /* SwiftUI.swift */; };
		9E04BDAC7C97D8F2252012E5 /* Typography.swift in Sources */ = {isa = PBXBuildFile; fileRef = 9E04B1C29ECB90493462BCB4 /* Typography.swift */; };
		9E04BDDADC5E07F1CE41FA8E /* MacronutrientSummaryView.swift in Sources */ = {isa = PBXBuildFile; fileRef = 9E04B646AAC676D8D396BE37 /* MacronutrientSummaryView.swift */; };
		9E04BE665B751CAEF5B7A290 /* PercentageRing.swift in Sources */ = {isa = PBXBuildFile; fileRef = 9E04B817D6CF582314870379 /* PercentageRing.swift */; };
		9E04BEC2EE1485DE2071FEEA /* Colors.swift in Sources */ = {isa = PBXBuildFile; fileRef = 9E04B05B31A950ACF965B49A /* Colors.swift */; };
		9E04BFD9C72F1457D428174D /* Nutrition.swift in Sources */ = {isa = PBXBuildFile; fileRef = 9E04BE91B4AAE37E9D8B3F1E /* Nutrition.swift */; };
		9E04BFE2FB40387B47CB3BDC /* Logging.swift in Sources */ = {isa = PBXBuildFile; fileRef = 9E04B61BDB41D939BF20F08F /* Logging.swift */; };
/* End PBXBuildFile section */

/* Begin PBXFileReference section */
		110DF063245B1BCF00E78245 /* NutritionAnalysisView.swift */ = {isa = PBXFileReference; lastKnownFileType = sourcecode.swift; path = NutritionAnalysisView.swift; sourceTree = "<group>"; };
		110DF066245B1C3300E78245 /* MacronutrientSummaryTextView.swift */ = {isa = PBXFileReference; lastKnownFileType = sourcecode.swift; path = MacronutrientSummaryTextView.swift; sourceTree = "<group>"; };
		11418C87244D4336001F8E27 /* LabelScannerOverlayHeaderView.swift */ = {isa = PBXFileReference; lastKnownFileType = sourcecode.swift; path = LabelScannerOverlayHeaderView.swift; sourceTree = "<group>"; };
		11418C89244D43FD001F8E27 /* LabelScannerOverlayFooterView.swift */ = {isa = PBXFileReference; lastKnownFileType = sourcecode.swift; path = LabelScannerOverlayFooterView.swift; sourceTree = "<group>"; };
		119F8AC5244A7D3B00BB173A /* LabelWise.app */ = {isa = PBXFileReference; explicitFileType = wrapper.application; includeInIndex = 0; path = LabelWise.app; sourceTree = BUILT_PRODUCTS_DIR; };
		119F8AC8244A7D3C00BB173A /* AppDelegate.swift */ = {isa = PBXFileReference; lastKnownFileType = sourcecode.swift; path = AppDelegate.swift; sourceTree = "<group>"; };
		119F8ACA244A7D3C00BB173A /* SceneDelegate.swift */ = {isa = PBXFileReference; lastKnownFileType = sourcecode.swift; path = SceneDelegate.swift; sourceTree = "<group>"; };
		119F8ACE244A7D4300BB173A /* Assets.xcassets */ = {isa = PBXFileReference; lastKnownFileType = folder.assetcatalog; path = Assets.xcassets; sourceTree = "<group>"; };
		119F8AD1244A7D4300BB173A /* Preview Assets.xcassets */ = {isa = PBXFileReference; lastKnownFileType = folder.assetcatalog; path = "Preview Assets.xcassets"; sourceTree = "<group>"; };
		119F8AD4244A7D4300BB173A /* Base */ = {isa = PBXFileReference; lastKnownFileType = file.storyboard; name = Base; path = Base.lproj/LaunchScreen.storyboard; sourceTree = "<group>"; };
		119F8AD6244A7D4300BB173A /* Info.plist */ = {isa = PBXFileReference; lastKnownFileType = text.plist.xml; path = Info.plist; sourceTree = "<group>"; };
		360BDE15D326DC1D0640C815 /* Pods-LabelWise.release.xcconfig */ = {isa = PBXFileReference; includeInIndex = 1; lastKnownFileType = text.xcconfig; name = "Pods-LabelWise.release.xcconfig"; path = "Target Support Files/Pods-LabelWise/Pods-LabelWise.release.xcconfig"; sourceTree = "<group>"; };
		4AACC73C2D10015894BA828D /* Pods-LabelWise.debug.xcconfig */ = {isa = PBXFileReference; includeInIndex = 1; lastKnownFileType = text.xcconfig; name = "Pods-LabelWise.debug.xcconfig"; path = "Target Support Files/Pods-LabelWise/Pods-LabelWise.debug.xcconfig"; sourceTree = "<group>"; };
		9E04B03637D80DC9D780A544 /* NutritionDTO.swift */ = {isa = PBXFileReference; fileEncoding = 4; lastKnownFileType = sourcecode.swift; path = NutritionDTO.swift; sourceTree = "<group>"; };
		9E04B05B31A950ACF965B49A /* Colors.swift */ = {isa = PBXFileReference; fileEncoding = 4; lastKnownFileType = sourcecode.swift; path = Colors.swift; sourceTree = "<group>"; };
		9E04B067C1A5FE22B3F9F164 /* LabelTypePickerView.swift */ = {isa = PBXFileReference; fileEncoding = 4; lastKnownFileType = sourcecode.swift; path = LabelTypePickerView.swift; sourceTree = "<group>"; };
		9E04B1C29ECB90493462BCB4 /* Typography.swift */ = {isa = PBXFileReference; fileEncoding = 4; lastKnownFileType = sourcecode.swift; path = Typography.swift; sourceTree = "<group>"; };
		9E04B27BF5D2A9200CBC7D1D /* LabelScannerOverlayView.swift */ = {isa = PBXFileReference; fileEncoding = 4; lastKnownFileType = sourcecode.swift; path = LabelScannerOverlayView.swift; sourceTree = "<group>"; };
		9E04B36285890D7DEA0D4652 /* LabelAnalysisService.swift */ = {isa = PBXFileReference; fileEncoding = 4; lastKnownFileType = sourcecode.swift; path = LabelAnalysisService.swift; sourceTree = "<group>"; };
		9E04B5990AFB8E3D0DF17188 /* CameraView.swift */ = {isa = PBXFileReference; fileEncoding = 4; lastKnownFileType = sourcecode.swift; path = CameraView.swift; sourceTree = "<group>"; };
		9E04B5CD47A28F0852F6DEFF /* CameraController.swift */ = {isa = PBXFileReference; fileEncoding = 4; lastKnownFileType = sourcecode.swift; path = CameraController.swift; sourceTree = "<group>"; };
		9E04B5D30937AB3EE9506EEE /* ContentView.swift */ = {isa = PBXFileReference; fileEncoding = 4; lastKnownFileType = sourcecode.swift; path = ContentView.swift; sourceTree = "<group>"; };
		9E04B61BDB41D939BF20F08F /* Logging.swift */ = {isa = PBXFileReference; fileEncoding = 4; lastKnownFileType = sourcecode.swift; path = Logging.swift; sourceTree = "<group>"; };
		9E04B646AAC676D8D396BE37 /* MacronutrientSummaryView.swift */ = {isa = PBXFileReference; fileEncoding = 4; lastKnownFileType = sourcecode.swift; path = MacronutrientSummaryView.swift; sourceTree = "<group>"; };
		9E04B817D6CF582314870379 /* PercentageRing.swift */ = {isa = PBXFileReference; fileEncoding = 4; lastKnownFileType = sourcecode.swift; path = PercentageRing.swift; sourceTree = "<group>"; };
		9E04B871BED1E591F3F08FFA /* Combine.swift */ = {isa = PBXFileReference; fileEncoding = 4; lastKnownFileType = sourcecode.swift; path = Combine.swift; sourceTree = "<group>"; };
		9E04B87D15FDBB8C359F6235 /* Dimensions.swift */ = {isa = PBXFileReference; fileEncoding = 4; lastKnownFileType = sourcecode.swift; path = Dimensions.swift; sourceTree = "<group>"; };
		9E04B8A4CAFCF4080DA6BD0E /* CameraUtil.swift */ = {isa = PBXFileReference; fileEncoding = 4; lastKnownFileType = sourcecode.swift; path = CameraUtil.swift; sourceTree = "<group>"; };
		9E04B8E9B103A32459D4568C /* Icons.swift */ = {isa = PBXFileReference; fileEncoding = 4; lastKnownFileType = sourcecode.swift; path = Icons.swift; sourceTree = "<group>"; };
		9E04BA2103C1A69F655989A5 /* CommonViewModels.swift */ = {isa = PBXFileReference; fileEncoding = 4; lastKnownFileType = sourcecode.swift; path = CommonViewModels.swift; sourceTree = "<group>"; };
		9E04BA76BDF053BBA9738EFF /* MacronutrientRings.swift */ = {isa = PBXFileReference; fileEncoding = 4; lastKnownFileType = sourcecode.swift; path = MacronutrientRings.swift; sourceTree = "<group>"; };
		9E04BA7C75C3AF19E69A510A /* LabelScannerViewModel.swift */ = {isa = PBXFileReference; fileEncoding = 4; lastKnownFileType = sourcecode.swift; path = LabelScannerViewModel.swift; sourceTree = "<group>"; };
		9E04BAA4FD1CB39D6A2F2084 /* SwiftUI.swift */ = {isa = PBXFileReference; fileEncoding = 4; lastKnownFileType = sourcecode.swift; path = SwiftUI.swift; sourceTree = "<group>"; };
		9E04BAC86FBCB14C754D2ADC /* LabelScannerActionButtons.swift */ = {isa = PBXFileReference; fileEncoding = 4; lastKnownFileType = sourcecode.swift; path = LabelScannerActionButtons.swift; sourceTree = "<group>"; };
		9E04BAC96CFB27478E9AFA42 /* LabelScannerView.swift */ = {isa = PBXFileReference; fileEncoding = 4; lastKnownFileType = sourcecode.swift; path = LabelScannerView.swift; sourceTree = "<group>"; };
		9E04BC8096C70C13098A91F5 /* TypeAliases.swift */ = {isa = PBXFileReference; fileEncoding = 4; lastKnownFileType = sourcecode.swift; path = TypeAliases.swift; sourceTree = "<group>"; };
		9E04BD167436B52702375ABC /* Common.swift */ = {isa = PBXFileReference; fileEncoding = 4; lastKnownFileType = sourcecode.swift; path = Common.swift; sourceTree = "<group>"; };
		9E04BE91B4AAE37E9D8B3F1E /* Nutrition.swift */ = {isa = PBXFileReference; fileEncoding = 4; lastKnownFileType = sourcecode.swift; path = Nutrition.swift; sourceTree = "<group>"; };
		9E04BEBF75A400DE7744C7C4 /* RingShape.swift */ = {isa = PBXFileReference; fileEncoding = 4; lastKnownFileType = sourcecode.swift; path = RingShape.swift; sourceTree = "<group>"; };
		FBB96129287D3E7C9C1E8B9C /* Pods_LabelWise.framework */ = {isa = PBXFileReference; explicitFileType = wrapper.framework; includeInIndex = 0; path = Pods_LabelWise.framework; sourceTree = BUILT_PRODUCTS_DIR; };
/* End PBXFileReference section */

/* Begin PBXFrameworksBuildPhase section */
		119F8AC2244A7D3B00BB173A /* Frameworks */ = {
			isa = PBXFrameworksBuildPhase;
			buildActionMask = 2147483647;
			files = (
				9C744549554540C8032BFD13 /* Pods_LabelWise.framework in Frameworks */,
			);
			runOnlyForDeploymentPostprocessing = 0;
		};
/* End PBXFrameworksBuildPhase section */

/* Begin PBXGroup section */
		10DA3A581CA4B899CF42010A /* Frameworks */ = {
			isa = PBXGroup;
			children = (
				FBB96129287D3E7C9C1E8B9C /* Pods_LabelWise.framework */,
			);
			name = Frameworks;
			sourceTree = "<group>";
		};
		110DF065245B1C1D00E78245 /* MacronutrientSection */ = {
			isa = PBXGroup;
			children = (
				9E04BA76BDF053BBA9738EFF /* MacronutrientRings.swift */,
				9E04B646AAC676D8D396BE37 /* MacronutrientSummaryView.swift */,
				110DF066245B1C3300E78245 /* MacronutrientSummaryTextView.swift */,
			);
			path = MacronutrientSection;
			sourceTree = "<group>";
		};
		1147D7622457A90400A5D749 /* Charts */ = {
			isa = PBXGroup;
			children = (
				9E04B817D6CF582314870379 /* PercentageRing.swift */,
				9E04BEBF75A400DE7744C7C4 /* RingShape.swift */,
			);
			path = Charts;
			sourceTree = "<group>";
		};
		119F8ABC244A7D3B00BB173A = {
			isa = PBXGroup;
			children = (
				119F8AC7244A7D3B00BB173A /* LabelWise */,
				119F8AC6244A7D3B00BB173A /* Products */,
				6FE6F7330D4C24CB2531FFA7 /* Pods */,
				10DA3A581CA4B899CF42010A /* Frameworks */,
			);
			sourceTree = "<group>";
		};
		119F8AC6244A7D3B00BB173A /* Products */ = {
			isa = PBXGroup;
			children = (
				119F8AC5244A7D3B00BB173A /* LabelWise.app */,
			);
			name = Products;
			sourceTree = "<group>";
		};
		119F8AC7244A7D3B00BB173A /* LabelWise */ = {
			isa = PBXGroup;
			children = (
				119F8AC8244A7D3C00BB173A /* AppDelegate.swift */,
				119F8ACA244A7D3C00BB173A /* SceneDelegate.swift */,
				119F8ACE244A7D4300BB173A /* Assets.xcassets */,
				119F8AD3244A7D4300BB173A /* LaunchScreen.storyboard */,
				119F8AD6244A7D4300BB173A /* Info.plist */,
				119F8AD0244A7D4300BB173A /* Preview Content */,
				9E04BFA38526EDB3D7CDABAF /* Views */,
				9E04B192A505AA3051D1C716 /* Service */,
				9E04BDD525AD8F4399F2A4A4 /* Models */,
				9E04BBFEA95FF88889468066 /* Utils */,
			);
			path = LabelWise;
			sourceTree = "<group>";
		};
		119F8AD0244A7D4300BB173A /* Preview Content */ = {
			isa = PBXGroup;
			children = (
				119F8AD1244A7D4300BB173A /* Preview Assets.xcassets */,
			);
			path = "Preview Content";
			sourceTree = "<group>";
		};
		6FE6F7330D4C24CB2531FFA7 /* Pods */ = {
			isa = PBXGroup;
			children = (
				4AACC73C2D10015894BA828D /* Pods-LabelWise.debug.xcconfig */,
				360BDE15D326DC1D0640C815 /* Pods-LabelWise.release.xcconfig */,
			);
			path = Pods;
			sourceTree = "<group>";
		};
		9E04B192A505AA3051D1C716 /* Service */ = {
			isa = PBXGroup;
			children = (
				9E04B36285890D7DEA0D4652 /* LabelAnalysisService.swift */,
				9E04B61BDB41D939BF20F08F /* Logging.swift */,
				9E04BE2F5B4B4B2E8D47E9C0 /* Models */,
			);
			path = Service;
			sourceTree = "<group>";
		};
		9E04B2B64C022DC0252E846E /* Util */ = {
			isa = PBXGroup;
			children = (
				9E04B1C29ECB90493462BCB4 /* Typography.swift */,
				9E04B05B31A950ACF965B49A /* Colors.swift */,
				9E04B8E9B103A32459D4568C /* Icons.swift */,
				9E04B87D15FDBB8C359F6235 /* Dimensions.swift */,
				9E04BAA4FD1CB39D6A2F2084 /* SwiftUI.swift */,
			);
			path = Util;
			sourceTree = "<group>";
		};
		9E04B55A7AA51B375FE5F85D /* LabelScanner */ = {
			isa = PBXGroup;
			children = (
				9E04BAC96CFB27478E9AFA42 /* LabelScannerView.swift */,
				9E04B27BF5D2A9200CBC7D1D /* LabelScannerOverlayView.swift */,
				11418C87244D4336001F8E27 /* LabelScannerOverlayHeaderView.swift */,
				11418C89244D43FD001F8E27 /* LabelScannerOverlayFooterView.swift */,
				9E04BA7C75C3AF19E69A510A /* LabelScannerViewModel.swift */,
				9E04BAC86FBCB14C754D2ADC /* LabelScannerActionButtons.swift */,
				9E04B067C1A5FE22B3F9F164 /* LabelTypePickerView.swift */,
			);
			path = LabelScanner;
			sourceTree = "<group>";
		};
		9E04BBFEA95FF88889468066 /* Utils */ = {
			isa = PBXGroup;
			children = (
				9E04BC8096C70C13098A91F5 /* TypeAliases.swift */,
				9E04B871BED1E591F3F08FFA /* Combine.swift */,
			);
			path = Utils;
			sourceTree = "<group>";
		};
		9E04BC172A65632585C42EE0 /* Common */ = {
			isa = PBXGroup;
			children = (
				9E04BA2103C1A69F655989A5 /* CommonViewModels.swift */,
			);
			path = Common;
			sourceTree = "<group>";
		};
		9E04BC4A80B4161593F432FC /* NutritionAnalysis */ = {
			isa = PBXGroup;
			children = (
				110DF065245B1C1D00E78245 /* MacronutrientSection */,
				110DF063245B1BCF00E78245 /* NutritionAnalysisView.swift */,
			);
			path = NutritionAnalysis;
			sourceTree = "<group>";
		};
		9E04BDD525AD8F4399F2A4A4 /* Models */ = {
			isa = PBXGroup;
			children = (
				9E04BD167436B52702375ABC /* Common.swift */,
				9E04BE91B4AAE37E9D8B3F1E /* Nutrition.swift */,
			);
			path = Models;
			sourceTree = "<group>";
		};
		9E04BE2F5B4B4B2E8D47E9C0 /* Models */ = {
			isa = PBXGroup;
			children = (
				9E04B03637D80DC9D780A544 /* NutritionDTO.swift */,
			);
			path = Models;
			sourceTree = "<group>";
		};
		9E04BE849DFE7936902898BC /* Camera */ = {
			isa = PBXGroup;
			children = (
				9E04B5CD47A28F0852F6DEFF /* CameraController.swift */,
				9E04B5990AFB8E3D0DF17188 /* CameraView.swift */,
				9E04B8A4CAFCF4080DA6BD0E /* CameraUtil.swift */,
			);
			path = Camera;
			sourceTree = "<group>";
		};
		9E04BFA38526EDB3D7CDABAF /* Views */ = {
			isa = PBXGroup;
			children = (
				1147D7622457A90400A5D749 /* Charts */,
				9E04B55A7AA51B375FE5F85D /* LabelScanner */,
				9E04BE849DFE7936902898BC /* Camera */,
				9E04B2B64C022DC0252E846E /* Util */,
				9E04B5D30937AB3EE9506EEE /* ContentView.swift */,
				9E04BC172A65632585C42EE0 /* Common */,
				9E04BC4A80B4161593F432FC /* NutritionAnalysis */,
			);
			path = Views;
			sourceTree = "<group>";
		};
/* End PBXGroup section */

/* Begin PBXNativeTarget section */
		119F8AC4244A7D3B00BB173A /* LabelWise */ = {
			isa = PBXNativeTarget;
			buildConfigurationList = 119F8AD9244A7D4300BB173A /* Build configuration list for PBXNativeTarget "LabelWise" */;
			buildPhases = (
				167C08301D9B028E1E7272B6 /* [CP] Check Pods Manifest.lock */,
				119F8AC1244A7D3B00BB173A /* Sources */,
				119F8AC2244A7D3B00BB173A /* Frameworks */,
				119F8AC3244A7D3B00BB173A /* Resources */,
				4930B200636EC2651D4EE990 /* [CP] Embed Pods Frameworks */,
			);
			buildRules = (
			);
			dependencies = (
			);
			name = LabelWise;
			productName = LabelWise;
			productReference = 119F8AC5244A7D3B00BB173A /* LabelWise.app */;
			productType = "com.apple.product-type.application";
		};
/* End PBXNativeTarget section */

/* Begin PBXProject section */
		119F8ABD244A7D3B00BB173A /* Project object */ = {
			isa = PBXProject;
			attributes = {
				LastSwiftUpdateCheck = 1140;
				LastUpgradeCheck = 1140;
				ORGANIZATIONNAME = "Frank Jia";
				TargetAttributes = {
					119F8AC4244A7D3B00BB173A = {
						CreatedOnToolsVersion = 11.4.1;
					};
				};
			};
			buildConfigurationList = 119F8AC0244A7D3B00BB173A /* Build configuration list for PBXProject "LabelWise" */;
			compatibilityVersion = "Xcode 9.3";
			developmentRegion = en;
			hasScannedForEncodings = 0;
			knownRegions = (
				en,
				Base,
			);
			mainGroup = 119F8ABC244A7D3B00BB173A;
			productRefGroup = 119F8AC6244A7D3B00BB173A /* Products */;
			projectDirPath = "";
			projectRoot = "";
			targets = (
				119F8AC4244A7D3B00BB173A /* LabelWise */,
			);
		};
/* End PBXProject section */

/* Begin PBXResourcesBuildPhase section */
		119F8AC3244A7D3B00BB173A /* Resources */ = {
			isa = PBXResourcesBuildPhase;
			buildActionMask = 2147483647;
			files = (
				119F8AD5244A7D4300BB173A /* LaunchScreen.storyboard in Resources */,
				119F8AD2244A7D4300BB173A /* Preview Assets.xcassets in Resources */,
				119F8ACF244A7D4300BB173A /* Assets.xcassets in Resources */,
			);
			runOnlyForDeploymentPostprocessing = 0;
		};
/* End PBXResourcesBuildPhase section */

/* Begin PBXShellScriptBuildPhase section */
		167C08301D9B028E1E7272B6 /* [CP] Check Pods Manifest.lock */ = {
			isa = PBXShellScriptBuildPhase;
			buildActionMask = 2147483647;
			files = (
			);
			inputFileListPaths = (
			);
			inputPaths = (
				"${PODS_PODFILE_DIR_PATH}/Podfile.lock",
				"${PODS_ROOT}/Manifest.lock",
			);
			name = "[CP] Check Pods Manifest.lock";
			outputFileListPaths = (
			);
			outputPaths = (
				"$(DERIVED_FILE_DIR)/Pods-LabelWise-checkManifestLockResult.txt",
			);
			runOnlyForDeploymentPostprocessing = 0;
			shellPath = /bin/sh;
			shellScript = "diff \"${PODS_PODFILE_DIR_PATH}/Podfile.lock\" \"${PODS_ROOT}/Manifest.lock\" > /dev/null\nif [ $? != 0 ] ; then\n    # print error to STDERR\n    echo \"error: The sandbox is not in sync with the Podfile.lock. Run 'pod install' or update your CocoaPods installation.\" >&2\n    exit 1\nfi\n# This output is used by Xcode 'outputs' to avoid re-running this script phase.\necho \"SUCCESS\" > \"${SCRIPT_OUTPUT_FILE_0}\"\n";
			showEnvVarsInLog = 0;
		};
		4930B200636EC2651D4EE990 /* [CP] Embed Pods Frameworks */ = {
			isa = PBXShellScriptBuildPhase;
			buildActionMask = 2147483647;
			files = (
			);
			inputFileListPaths = (
				"${PODS_ROOT}/Target Support Files/Pods-LabelWise/Pods-LabelWise-frameworks-${CONFIGURATION}-input-files.xcfilelist",
			);
			name = "[CP] Embed Pods Frameworks";
			outputFileListPaths = (
				"${PODS_ROOT}/Target Support Files/Pods-LabelWise/Pods-LabelWise-frameworks-${CONFIGURATION}-output-files.xcfilelist",
			);
			runOnlyForDeploymentPostprocessing = 0;
			shellPath = /bin/sh;
			shellScript = "\"${PODS_ROOT}/Target Support Files/Pods-LabelWise/Pods-LabelWise-frameworks.sh\"\n";
			showEnvVarsInLog = 0;
		};
/* End PBXShellScriptBuildPhase section */

/* Begin PBXSourcesBuildPhase section */
		119F8AC1244A7D3B00BB173A /* Sources */ = {
			isa = PBXSourcesBuildPhase;
			buildActionMask = 2147483647;
			files = (
				119F8AC9244A7D3C00BB173A /* AppDelegate.swift in Sources */,
				119F8ACB244A7D3C00BB173A /* SceneDelegate.swift in Sources */,
				9E04B90C5EA0DF367FE35AFD /* LabelScannerView.swift in Sources */,
				11418C8A244D43FD001F8E27 /* LabelScannerOverlayFooterView.swift in Sources */,
				9E04B5454634C3A52D00058A /* LabelScannerOverlayView.swift in Sources */,
				9E04BA24D04B3AA88269BC74 /* CameraController.swift in Sources */,
				11418C88244D4336001F8E27 /* LabelScannerOverlayHeaderView.swift in Sources */,
				9E04B8699075720B0B4A2692 /* CameraView.swift in Sources */,
				9E04B4B7AFC55A84E1F3654A /* CameraUtil.swift in Sources */,
				9E04B02AC89E419B26B7CEC0 /* LabelAnalysisService.swift in Sources */,
				9E04BDAC7C97D8F2252012E5 /* Typography.swift in Sources */,
				9E04BEC2EE1485DE2071FEEA /* Colors.swift in Sources */,
				9E04BB051D7E409EC334FD8B /* Icons.swift in Sources */,
				9E04B7505FD17516F7996F3A /* Dimensions.swift in Sources */,
				110DF067245B1C3300E78245 /* MacronutrientSummaryTextView.swift in Sources */,
				9E04BB17B3BDE8728BAF761B /* ContentView.swift in Sources */,
				9E04BFE2FB40387B47CB3BDC /* Logging.swift in Sources */,
				9E04B0D78F9E76CC6959A2E8 /* CommonViewModels.swift in Sources */,
				9E04B544B94680E6D0270437 /* Common.swift in Sources */,
				9E04BCAB5E4B867BF3960782 /* SwiftUI.swift in Sources */,
				9E04B748F4DBF3CBB2ABAD4A /* LabelScannerViewModel.swift in Sources */,
				9E04B142786F16FB6E2E3BBF /* TypeAliases.swift in Sources */,
				9E04BBD795334AC0BBB0C4A5 /* Combine.swift in Sources */,
				110DF064245B1BD000E78245 /* NutritionAnalysisView.swift in Sources */,
				9E04B7F294A2ECE09AB0BDA2 /* LabelScannerActionButtons.swift in Sources */,
				9E04B80AEEFA615037AFD2D8 /* LabelTypePickerView.swift in Sources */,
				9E04B4A49EF79D0172103A09 /* MacronutrientRings.swift in Sources */,
				9E04BE665B751CAEF5B7A290 /* PercentageRing.swift in Sources */,
				9E04BB4DF42A74CE86CA5373 /* RingShape.swift in Sources */,
				9E04BDDADC5E07F1CE41FA8E /* MacronutrientSummaryView.swift in Sources */,
				9E04BBF618B4CB82E3D5485A /* NutritionDTO.swift in Sources */,
				9E04BFD9C72F1457D428174D /* Nutrition.swift in Sources */,
			);
			runOnlyForDeploymentPostprocessing = 0;
		};
/* End PBXSourcesBuildPhase section */

/* Begin PBXVariantGroup section */
		119F8AD3244A7D4300BB173A /* LaunchScreen.storyboard */ = {
			isa = PBXVariantGroup;
			children = (
				119F8AD4244A7D4300BB173A /* Base */,
			);
			name = LaunchScreen.storyboard;
			sourceTree = "<group>";
		};
/* End PBXVariantGroup section */

/* Begin XCBuildConfiguration section */
		119F8AD7244A7D4300BB173A /* Debug */ = {
			isa = XCBuildConfiguration;
			buildSettings = {
				ALWAYS_SEARCH_USER_PATHS = NO;
				CLANG_ANALYZER_NONNULL = YES;
				CLANG_ANALYZER_NUMBER_OBJECT_CONVERSION = YES_AGGRESSIVE;
				CLANG_CXX_LANGUAGE_STANDARD = "gnu++14";
				CLANG_CXX_LIBRARY = "libc++";
				CLANG_ENABLE_MODULES = YES;
				CLANG_ENABLE_OBJC_ARC = YES;
				CLANG_ENABLE_OBJC_WEAK = YES;
				CLANG_WARN_BLOCK_CAPTURE_AUTORELEASING = YES;
				CLANG_WARN_BOOL_CONVERSION = YES;
				CLANG_WARN_COMMA = YES;
				CLANG_WARN_CONSTANT_CONVERSION = YES;
				CLANG_WARN_DEPRECATED_OBJC_IMPLEMENTATIONS = YES;
				CLANG_WARN_DIRECT_OBJC_ISA_USAGE = YES_ERROR;
				CLANG_WARN_DOCUMENTATION_COMMENTS = YES;
				CLANG_WARN_EMPTY_BODY = YES;
				CLANG_WARN_ENUM_CONVERSION = YES;
				CLANG_WARN_INFINITE_RECURSION = YES;
				CLANG_WARN_INT_CONVERSION = YES;
				CLANG_WARN_NON_LITERAL_NULL_CONVERSION = YES;
				CLANG_WARN_OBJC_IMPLICIT_RETAIN_SELF = YES;
				CLANG_WARN_OBJC_LITERAL_CONVERSION = YES;
				CLANG_WARN_OBJC_ROOT_CLASS = YES_ERROR;
				CLANG_WARN_RANGE_LOOP_ANALYSIS = YES;
				CLANG_WARN_STRICT_PROTOTYPES = YES;
				CLANG_WARN_SUSPICIOUS_MOVE = YES;
				CLANG_WARN_UNGUARDED_AVAILABILITY = YES_AGGRESSIVE;
				CLANG_WARN_UNREACHABLE_CODE = YES;
				CLANG_WARN__DUPLICATE_METHOD_MATCH = YES;
				COPY_PHASE_STRIP = NO;
				DEBUG_INFORMATION_FORMAT = dwarf;
				ENABLE_STRICT_OBJC_MSGSEND = YES;
				ENABLE_TESTABILITY = YES;
				GCC_C_LANGUAGE_STANDARD = gnu11;
				GCC_DYNAMIC_NO_PIC = NO;
				GCC_NO_COMMON_BLOCKS = YES;
				GCC_OPTIMIZATION_LEVEL = 0;
				GCC_PREPROCESSOR_DEFINITIONS = (
					"DEBUG=1",
					"$(inherited)",
				);
				GCC_WARN_64_TO_32_BIT_CONVERSION = YES;
				GCC_WARN_ABOUT_RETURN_TYPE = YES_ERROR;
				GCC_WARN_UNDECLARED_SELECTOR = YES;
				GCC_WARN_UNINITIALIZED_AUTOS = YES_AGGRESSIVE;
				GCC_WARN_UNUSED_FUNCTION = YES;
				GCC_WARN_UNUSED_VARIABLE = YES;
				IPHONEOS_DEPLOYMENT_TARGET = 13.4;
				MTL_ENABLE_DEBUG_INFO = INCLUDE_SOURCE;
				MTL_FAST_MATH = YES;
				ONLY_ACTIVE_ARCH = YES;
				SDKROOT = iphoneos;
				SWIFT_ACTIVE_COMPILATION_CONDITIONS = DEBUG;
				SWIFT_OPTIMIZATION_LEVEL = "-Onone";
			};
			name = Debug;
		};
		119F8AD8244A7D4300BB173A /* Release */ = {
			isa = XCBuildConfiguration;
			buildSettings = {
				ALWAYS_SEARCH_USER_PATHS = NO;
				CLANG_ANALYZER_NONNULL = YES;
				CLANG_ANALYZER_NUMBER_OBJECT_CONVERSION = YES_AGGRESSIVE;
				CLANG_CXX_LANGUAGE_STANDARD = "gnu++14";
				CLANG_CXX_LIBRARY = "libc++";
				CLANG_ENABLE_MODULES = YES;
				CLANG_ENABLE_OBJC_ARC = YES;
				CLANG_ENABLE_OBJC_WEAK = YES;
				CLANG_WARN_BLOCK_CAPTURE_AUTORELEASING = YES;
				CLANG_WARN_BOOL_CONVERSION = YES;
				CLANG_WARN_COMMA = YES;
				CLANG_WARN_CONSTANT_CONVERSION = YES;
				CLANG_WARN_DEPRECATED_OBJC_IMPLEMENTATIONS = YES;
				CLANG_WARN_DIRECT_OBJC_ISA_USAGE = YES_ERROR;
				CLANG_WARN_DOCUMENTATION_COMMENTS = YES;
				CLANG_WARN_EMPTY_BODY = YES;
				CLANG_WARN_ENUM_CONVERSION = YES;
				CLANG_WARN_INFINITE_RECURSION = YES;
				CLANG_WARN_INT_CONVERSION = YES;
				CLANG_WARN_NON_LITERAL_NULL_CONVERSION = YES;
				CLANG_WARN_OBJC_IMPLICIT_RETAIN_SELF = YES;
				CLANG_WARN_OBJC_LITERAL_CONVERSION = YES;
				CLANG_WARN_OBJC_ROOT_CLASS = YES_ERROR;
				CLANG_WARN_RANGE_LOOP_ANALYSIS = YES;
				CLANG_WARN_STRICT_PROTOTYPES = YES;
				CLANG_WARN_SUSPICIOUS_MOVE = YES;
				CLANG_WARN_UNGUARDED_AVAILABILITY = YES_AGGRESSIVE;
				CLANG_WARN_UNREACHABLE_CODE = YES;
				CLANG_WARN__DUPLICATE_METHOD_MATCH = YES;
				COPY_PHASE_STRIP = NO;
				DEBUG_INFORMATION_FORMAT = "dwarf-with-dsym";
				ENABLE_NS_ASSERTIONS = NO;
				ENABLE_STRICT_OBJC_MSGSEND = YES;
				GCC_C_LANGUAGE_STANDARD = gnu11;
				GCC_NO_COMMON_BLOCKS = YES;
				GCC_WARN_64_TO_32_BIT_CONVERSION = YES;
				GCC_WARN_ABOUT_RETURN_TYPE = YES_ERROR;
				GCC_WARN_UNDECLARED_SELECTOR = YES;
				GCC_WARN_UNINITIALIZED_AUTOS = YES_AGGRESSIVE;
				GCC_WARN_UNUSED_FUNCTION = YES;
				GCC_WARN_UNUSED_VARIABLE = YES;
				IPHONEOS_DEPLOYMENT_TARGET = 13.4;
				MTL_ENABLE_DEBUG_INFO = NO;
				MTL_FAST_MATH = YES;
				SDKROOT = iphoneos;
				SWIFT_COMPILATION_MODE = wholemodule;
				SWIFT_OPTIMIZATION_LEVEL = "-O";
				VALIDATE_PRODUCT = YES;
			};
			name = Release;
		};
		119F8ADA244A7D4300BB173A /* Debug */ = {
			isa = XCBuildConfiguration;
			baseConfigurationReference = 4AACC73C2D10015894BA828D /* Pods-LabelWise.debug.xcconfig */;
			buildSettings = {
				ASSETCATALOG_COMPILER_APPICON_NAME = AppIcon;
				CODE_SIGN_STYLE = Automatic;
				DEVELOPMENT_ASSET_PATHS = "\"LabelWise/Preview Content\"";
				DEVELOPMENT_TEAM = P2M6BCPR7S;
				ENABLE_PREVIEWS = YES;
				INFOPLIST_FILE = LabelWise/Info.plist;
				LD_RUNPATH_SEARCH_PATHS = (
					"$(inherited)",
					"@executable_path/Frameworks",
				);
				PRODUCT_BUNDLE_IDENTIFIER = com.jiafrank.LabelWise;
				PRODUCT_NAME = "$(TARGET_NAME)";
				SWIFT_VERSION = 5.0;
				TARGETED_DEVICE_FAMILY = 1;
			};
			name = Debug;
		};
		119F8ADB244A7D4300BB173A /* Release */ = {
			isa = XCBuildConfiguration;
			baseConfigurationReference = 360BDE15D326DC1D0640C815 /* Pods-LabelWise.release.xcconfig */;
			buildSettings = {
				ASSETCATALOG_COMPILER_APPICON_NAME = AppIcon;
				CODE_SIGN_STYLE = Automatic;
				DEVELOPMENT_ASSET_PATHS = "\"LabelWise/Preview Content\"";
				DEVELOPMENT_TEAM = P2M6BCPR7S;
				ENABLE_PREVIEWS = YES;
				INFOPLIST_FILE = LabelWise/Info.plist;
				LD_RUNPATH_SEARCH_PATHS = (
					"$(inherited)",
					"@executable_path/Frameworks",
				);
				PRODUCT_BUNDLE_IDENTIFIER = com.jiafrank.LabelWise;
				PRODUCT_NAME = "$(TARGET_NAME)";
				SWIFT_VERSION = 5.0;
				TARGETED_DEVICE_FAMILY = 1;
			};
			name = Release;
		};
/* End XCBuildConfiguration section */

/* Begin XCConfigurationList section */
		119F8AC0244A7D3B00BB173A /* Build configuration list for PBXProject "LabelWise" */ = {
			isa = XCConfigurationList;
			buildConfigurations = (
				119F8AD7244A7D4300BB173A /* Debug */,
				119F8AD8244A7D4300BB173A /* Release */,
			);
			defaultConfigurationIsVisible = 0;
			defaultConfigurationName = Release;
		};
		119F8AD9244A7D4300BB173A /* Build configuration list for PBXNativeTarget "LabelWise" */ = {
			isa = XCConfigurationList;
			buildConfigurations = (
				119F8ADA244A7D4300BB173A /* Debug */,
				119F8ADB244A7D4300BB173A /* Release */,
			);
			defaultConfigurationIsVisible = 0;
			defaultConfigurationName = Release;
		};
/* End XCConfigurationList section */
	};
	rootObject = 119F8ABD244A7D3B00BB173A /* Project object */;
}
